<?xml version="1.0" encoding="utf-8"?>
<Project ToolsVersion="4.0" xmlns="http://schemas.microsoft.com/developer/msbuild/2003">
  <ItemGroup>
    <ClCompile Include="external\rlImGui-main\imgui\imgui.cpp">
      <Filter>ImGui</Filter>
    </ClCompile>
    <ClCompile Include="external\rlImGui-main\imgui\imgui_draw.cpp">
      <Filter>ImGui</Filter>
    </ClCompile>
    <ClCompile Include="external\rlImGui-main\imgui\imgui_tables.cpp">
      <Filter>ImGui</Filter>
    </ClCompile>
    <ClCompile Include="external\rlImGui-main\imgui\imgui_widgets.cpp">
      <Filter>ImGui</Filter>
    </ClCompile>
    <ClCompile Include="external\rlImGui-main\rlImGui.cpp">
      <Filter>ImGui</Filter>
    </ClCompile>
    <ClCompile Include="src\main.cpp">
      <Filter>src</Filter>
    </ClCompile>
    <ClCompile Include="src\Room.cpp">
      <Filter>src</Filter>
    </ClCompile>
    <ClCompile Include="src\Tile.cpp">
      <Filter>src</Filter>
    </ClCompile>
    <ClCompile Include="src\Display.cpp">
      <Filter>src</Filter>
    </ClCompile>
    <ClCompile Include="src\Item.cpp">
      <Filter>src</Filter>
    </ClCompile>
  </ItemGroup>
  <ItemGroup>
    <Filter Include="ImGui">
      <UniqueIdentifier>{76039432-92b2-4a48-a01e-7f5ea102dd7e}</UniqueIdentifier>
    </Filter>
    <Filter Include="src">
      <UniqueIdentifier>{4ae5f2f3-5075-4b1a-bdc9-51b32d52119c}</UniqueIdentifier>
    </Filter>
    <Filter Include="includes">
      <UniqueIdentifier>{70e52a01-26ad-46c8-9179-ae504fac0325}</UniqueIdentifier>
    </Filter>
  </ItemGroup>
  <ItemGroup>
    <ClInclude Include="include\Room.h">
      <Filter>includes</Filter>
    </ClInclude>
    <ClInclude Include="include\vector2.h">
      <Filter>includes</Filter>
    </ClInclude>
    <ClInclude Include="include\Tile.h">
      <Filter>includes</Filter>
    </ClInclude>
    <ClInclude Include="include\Display.h">
      <Filter>includes</Filter>
    </ClInclude>
    <ClInclude Include="include\Item.h">
      <Filter>includes</Filter>
    </ClInclude>
  </ItemGroup>
</Project>